// !$*UTF8*$!
{
	archiveVersion = 1;
	classes = {
	};
	objectVersion = 55;
	objects = {

/* Begin PBXBuildFile section */
		C524987F275310C500D1B636 /* LateivaApp.swift in Sources */ = {isa = PBXBuildFile; fileRef = C524987E275310C500D1B636 /* LateivaApp.swift */; };
		C5249881275310C500D1B636 /* ContentView.swift in Sources */ = {isa = PBXBuildFile; fileRef = C5249880275310C500D1B636 /* ContentView.swift */; };
		C5249883275310C700D1B636 /* Assets.xcassets in Resources */ = {isa = PBXBuildFile; fileRef = C5249882275310C700D1B636 /* Assets.xcassets */; };
		C5249886275310C700D1B636 /* Preview Assets.xcassets in Resources */ = {isa = PBXBuildFile; fileRef = C5249885275310C700D1B636 /* Preview Assets.xcassets */; };
		C524988D2753110200D1B636 /* Events.swift in Sources */ = {isa = PBXBuildFile; fileRef = C524988C2753110200D1B636 /* Events.swift */; };
		C524988F2753112900D1B636 /* ActivitySets.swift in Sources */ = {isa = PBXBuildFile; fileRef = C524988E2753112900D1B636 /* ActivitySets.swift */; };
		C52498912753114B00D1B636 /* Activity.swift in Sources */ = {isa = PBXBuildFile; fileRef = C52498902753114B00D1B636 /* Activity.swift */; };
		C52498932753116300D1B636 /* EditEventsView.swift in Sources */ = {isa = PBXBuildFile; fileRef = C52498922753116300D1B636 /* EditEventsView.swift */; };
		C5249895275314FC00D1B636 /* NewEventView.swift in Sources */ = {isa = PBXBuildFile; fileRef = C5249894275314FC00D1B636 /* NewEventView.swift */; };
		C52498972753151C00D1B636 /* ChooseTimeView.swift in Sources */ = {isa = PBXBuildFile; fileRef = C52498962753151C00D1B636 /* ChooseTimeView.swift */; };
		C52498992753153100D1B636 /* EditActivityView.swift in Sources */ = {isa = PBXBuildFile; fileRef = C52498982753153000D1B636 /* EditActivityView.swift */; };
		C524989B2753154200D1B636 /* ActivitiesView.swift in Sources */ = {isa = PBXBuildFile; fileRef = C524989A2753154200D1B636 /* ActivitiesView.swift */; };
		C524989D2753157200D1B636 /* ActivitySetsToEditView.swift in Sources */ = {isa = PBXBuildFile; fileRef = C524989C2753157200D1B636 /* ActivitySetsToEditView.swift */; };
		C524989F2753158300D1B636 /* NewActivityView.swift in Sources */ = {isa = PBXBuildFile; fileRef = C524989E2753158300D1B636 /* NewActivityView.swift */; };
		C52498A12753159000D1B636 /* NewActivitySetView.swift in Sources */ = {isa = PBXBuildFile; fileRef = C52498A02753159000D1B636 /* NewActivitySetView.swift */; };
		C52498A3275315AA00D1B636 /* EventsData.swift in Sources */ = {isa = PBXBuildFile; fileRef = C52498A2275315AA00D1B636 /* EventsData.swift */; };
		C52498A5275315B500D1B636 /* ActivitySetsData.swift in Sources */ = {isa = PBXBuildFile; fileRef = C52498A4275315B500D1B636 /* ActivitySetsData.swift */; };
		C52498A72753160100D1B636 /* ChooseActivitySetView.swift in Sources */ = {isa = PBXBuildFile; fileRef = C52498A62753160100D1B636 /* ChooseActivitySetView.swift */; };
		C52498A92753162D00D1B636 /* TimingGuidelinesView.swift in Sources */ = {isa = PBXBuildFile; fileRef = C52498A82753162D00D1B636 /* TimingGuidelinesView.swift */; };
/* End PBXBuildFile section */

/* Begin PBXFileReference section */
		C524987B275310C500D1B636 /* Lateiva.app */ = {isa = PBXFileReference; explicitFileType = wrapper.application; includeInIndex = 0; path = Lateiva.app; sourceTree = BUILT_PRODUCTS_DIR; };
		C524987E275310C500D1B636 /* LateivaApp.swift */ = {isa = PBXFileReference; lastKnownFileType = sourcecode.swift; path = LateivaApp.swift; sourceTree = "<group>"; };
		C5249880275310C500D1B636 /* ContentView.swift */ = {isa = PBXFileReference; lastKnownFileType = sourcecode.swift; path = ContentView.swift; sourceTree = "<group>"; };
		C5249882275310C700D1B636 /* Assets.xcassets */ = {isa = PBXFileReference; lastKnownFileType = folder.assetcatalog; path = Assets.xcassets; sourceTree = "<group>"; };
		C5249885275310C700D1B636 /* Preview Assets.xcassets */ = {isa = PBXFileReference; lastKnownFileType = folder.assetcatalog; path = "Preview Assets.xcassets"; sourceTree = "<group>"; };
		C524988C2753110200D1B636 /* Events.swift */ = {isa = PBXFileReference; lastKnownFileType = sourcecode.swift; path = Events.swift; sourceTree = "<group>"; };
		C524988E2753112900D1B636 /* ActivitySets.swift */ = {isa = PBXFileReference; lastKnownFileType = sourcecode.swift; path = ActivitySets.swift; sourceTree = "<group>"; };
		C52498902753114B00D1B636 /* Activity.swift */ = {isa = PBXFileReference; lastKnownFileType = sourcecode.swift; path = Activity.swift; sourceTree = "<group>"; };
		C52498922753116300D1B636 /* EditEventsView.swift */ = {isa = PBXFileReference; lastKnownFileType = sourcecode.swift; path = EditEventsView.swift; sourceTree = "<group>"; };
		C5249894275314FC00D1B636 /* NewEventView.swift */ = {isa = PBXFileReference; lastKnownFileType = sourcecode.swift; path = NewEventView.swift; sourceTree = "<group>"; };
		C52498962753151C00D1B636 /* ChooseTimeView.swift */ = {isa = PBXFileReference; lastKnownFileType = sourcecode.swift; path = ChooseTimeView.swift; sourceTree = "<group>"; };
		C52498982753153000D1B636 /* EditActivityView.swift */ = {isa = PBXFileReference; lastKnownFileType = sourcecode.swift; path = EditActivityView.swift; sourceTree = "<group>"; };
		C524989A2753154200D1B636 /* ActivitiesView.swift */ = {isa = PBXFileReference; lastKnownFileType = sourcecode.swift; path = ActivitiesView.swift; sourceTree = "<group>"; };
		C524989C2753157200D1B636 /* ActivitySetsToEditView.swift */ = {isa = PBXFileReference; lastKnownFileType = sourcecode.swift; path = ActivitySetsToEditView.swift; sourceTree = "<group>"; };
		C524989E2753158300D1B636 /* NewActivityView.swift */ = {isa = PBXFileReference; lastKnownFileType = sourcecode.swift; path = NewActivityView.swift; sourceTree = "<group>"; };
		C52498A02753159000D1B636 /* NewActivitySetView.swift */ = {isa = PBXFileReference; lastKnownFileType = sourcecode.swift; path = NewActivitySetView.swift; sourceTree = "<group>"; };
		C52498A2275315AA00D1B636 /* EventsData.swift */ = {isa = PBXFileReference; lastKnownFileType = sourcecode.swift; path = EventsData.swift; sourceTree = "<group>"; };
		C52498A4275315B500D1B636 /* ActivitySetsData.swift */ = {isa = PBXFileReference; lastKnownFileType = sourcecode.swift; path = ActivitySetsData.swift; sourceTree = "<group>"; };
		C52498A62753160100D1B636 /* ChooseActivitySetView.swift */ = {isa = PBXFileReference; lastKnownFileType = sourcecode.swift; path = ChooseActivitySetView.swift; sourceTree = "<group>"; };
		C52498A82753162D00D1B636 /* TimingGuidelinesView.swift */ = {isa = PBXFileReference; lastKnownFileType = sourcecode.swift; path = TimingGuidelinesView.swift; sourceTree = "<group>"; };
		C52498AA27532D6900D1B636 /* Info.plist */ = {isa = PBXFileReference; lastKnownFileType = text.plist; path = Info.plist; sourceTree = "<group>"; };
/* End PBXFileReference section */

/* Begin PBXFrameworksBuildPhase section */
		C5249878275310C500D1B636 /* Frameworks */ = {
			isa = PBXFrameworksBuildPhase;
			buildActionMask = 2147483647;
			files = (
			);
			runOnlyForDeploymentPostprocessing = 0;
		};
/* End PBXFrameworksBuildPhase section */

/* Begin PBXGroup section */
		C5249872275310C500D1B636 = {
			isa = PBXGroup;
			children = (
				C524987D275310C500D1B636 /* Lateiva */,
				C524987C275310C500D1B636 /* Products */,
			);
			sourceTree = "<group>";
		};
		C524987C275310C500D1B636 /* Products */ = {
			isa = PBXGroup;
			children = (
				C524987B275310C500D1B636 /* Lateiva.app */,
			);
			name = Products;
			sourceTree = "<group>";
		};
		C524987D275310C500D1B636 /* Lateiva */ = {
			isa = PBXGroup;
			children = (
				C524987E275310C500D1B636 /* LateivaApp.swift */,
				C5249880275310C500D1B636 /* ContentView.swift */,
				C52498922753116300D1B636 /* EditEventsView.swift */,
				C5249894275314FC00D1B636 /* NewEventView.swift */,
				C52498962753151C00D1B636 /* ChooseTimeView.swift */,
				C52498A62753160100D1B636 /* ChooseActivitySetView.swift */,
				C52498A82753162D00D1B636 /* TimingGuidelinesView.swift */,
				C52498982753153000D1B636 /* EditActivityView.swift */,
				C524989A2753154200D1B636 /* ActivitiesView.swift */,
				C524989C2753157200D1B636 /* ActivitySetsToEditView.swift */,
				C524989E2753158300D1B636 /* NewActivityView.swift */,
				C52498A02753159000D1B636 /* NewActivitySetView.swift */,
				C524988C2753110200D1B636 /* Events.swift */,
				C524988E2753112900D1B636 /* ActivitySets.swift */,
				C52498902753114B00D1B636 /* Activity.swift */,
				C52498A2275315AA00D1B636 /* EventsData.swift */,
				C52498A4275315B500D1B636 /* ActivitySetsData.swift */,
				C5249882275310C700D1B636 /* Assets.xcassets */,
				C52498AA27532D6900D1B636 /* Info.plist */,
				C5249884275310C700D1B636 /* Preview Content */,
			);
			path = Lateiva;
			sourceTree = "<group>";
		};
		C5249884275310C700D1B636 /* Preview Content */ = {
			isa = PBXGroup;
			children = (
				C5249885275310C700D1B636 /* Preview Assets.xcassets */,
			);
			path = "Preview Content";
			sourceTree = "<group>";
		};
/* End PBXGroup section */

/* Begin PBXNativeTarget section */
		C524987A275310C500D1B636 /* Lateiva */ = {
			isa = PBXNativeTarget;
			buildConfigurationList = C5249889275310C700D1B636 /* Build configuration list for PBXNativeTarget "Lateiva" */;
			buildPhases = (
				C5249877275310C500D1B636 /* Sources */,
				C5249878275310C500D1B636 /* Frameworks */,
				C5249879275310C500D1B636 /* Resources */,
			);
			buildRules = (
			);
			dependencies = (
			);
			name = Lateiva;
			productName = Lateiva;
			productReference = C524987B275310C500D1B636 /* Lateiva.app */;
			productType = "com.apple.product-type.application";
		};
/* End PBXNativeTarget section */

/* Begin PBXProject section */
		C5249873275310C500D1B636 /* Project object */ = {
			isa = PBXProject;
			attributes = {
				BuildIndependentTargetsInParallel = 1;
				LastSwiftUpdateCheck = 1310;
				LastUpgradeCheck = 1310;
				TargetAttributes = {
					C524987A275310C500D1B636 = {
						CreatedOnToolsVersion = 13.1;
					};
				};
			};
			buildConfigurationList = C5249876275310C500D1B636 /* Build configuration list for PBXProject "Lateiva" */;
			compatibilityVersion = "Xcode 13.0";
			developmentRegion = en;
			hasScannedForEncodings = 0;
			knownRegions = (
				en,
				Base,
			);
			mainGroup = C5249872275310C500D1B636;
			productRefGroup = C524987C275310C500D1B636 /* Products */;
			projectDirPath = "";
			projectRoot = "";
			targets = (
				C524987A275310C500D1B636 /* Lateiva */,
			);
		};
/* End PBXProject section */

/* Begin PBXResourcesBuildPhase section */
		C5249879275310C500D1B636 /* Resources */ = {
			isa = PBXResourcesBuildPhase;
			buildActionMask = 2147483647;
			files = (
				C5249886275310C700D1B636 /* Preview Assets.xcassets in Resources */,
				C5249883275310C700D1B636 /* Assets.xcassets in Resources */,
			);
			runOnlyForDeploymentPostprocessing = 0;
		};
/* End PBXResourcesBuildPhase section */

/* Begin PBXSourcesBuildPhase section */
		C5249877275310C500D1B636 /* Sources */ = {
			isa = PBXSourcesBuildPhase;
			buildActionMask = 2147483647;
			files = (
				C52498912753114B00D1B636 /* Activity.swift in Sources */,
				C524989D2753157200D1B636 /* ActivitySetsToEditView.swift in Sources */,
				C52498A3275315AA00D1B636 /* EventsData.swift in Sources */,
				C524988D2753110200D1B636 /* Events.swift in Sources */,
				C52498972753151C00D1B636 /* ChooseTimeView.swift in Sources */,
				C52498A5275315B500D1B636 /* ActivitySetsData.swift in Sources */,
				C524988F2753112900D1B636 /* ActivitySets.swift in Sources */,
				C5249881275310C500D1B636 /* ContentView.swift in Sources */,
				C52498932753116300D1B636 /* EditEventsView.swift in Sources */,
				C524987F275310C500D1B636 /* LateivaApp.swift in Sources */,
				C5249895275314FC00D1B636 /* NewEventView.swift in Sources */,
				C52498A92753162D00D1B636 /* TimingGuidelinesView.swift in Sources */,
				C52498A72753160100D1B636 /* ChooseActivitySetView.swift in Sources */,
				C52498A12753159000D1B636 /* NewActivitySetView.swift in Sources */,
				C52498992753153100D1B636 /* EditActivityView.swift in Sources */,
				C524989F2753158300D1B636 /* NewActivityView.swift in Sources */,
				C524989B2753154200D1B636 /* ActivitiesView.swift in Sources */,
			);
			runOnlyForDeploymentPostprocessing = 0;
		};
/* End PBXSourcesBuildPhase section */

/* Begin XCBuildConfiguration section */
		C5249887275310C700D1B636 /* Debug */ = {
			isa = XCBuildConfiguration;
			buildSettings = {
				ALWAYS_SEARCH_USER_PATHS = NO;
				CLANG_ANALYZER_NONNULL = YES;
				CLANG_ANALYZER_NUMBER_OBJECT_CONVERSION = YES_AGGRESSIVE;
				CLANG_CXX_LANGUAGE_STANDARD = "gnu++17";
				CLANG_CXX_LIBRARY = "libc++";
				CLANG_ENABLE_MODULES = YES;
				CLANG_ENABLE_OBJC_ARC = YES;
				CLANG_ENABLE_OBJC_WEAK = YES;
				CLANG_WARN_BLOCK_CAPTURE_AUTORELEASING = YES;
				CLANG_WARN_BOOL_CONVERSION = YES;
				CLANG_WARN_COMMA = YES;
				CLANG_WARN_CONSTANT_CONVERSION = YES;
				CLANG_WARN_DEPRECATED_OBJC_IMPLEMENTATIONS = YES;
				CLANG_WARN_DIRECT_OBJC_ISA_USAGE = YES_ERROR;
				CLANG_WARN_DOCUMENTATION_COMMENTS = YES;
				CLANG_WARN_EMPTY_BODY = YES;
				CLANG_WARN_ENUM_CONVERSION = YES;
				CLANG_WARN_INFINITE_RECURSION = YES;
				CLANG_WARN_INT_CONVERSION = YES;
				CLANG_WARN_NON_LITERAL_NULL_CONVERSION = YES;
				CLANG_WARN_OBJC_IMPLICIT_RETAIN_SELF = YES;
				CLANG_WARN_OBJC_LITERAL_CONVERSION = YES;
				CLANG_WARN_OBJC_ROOT_CLASS = YES_ERROR;
				CLANG_WARN_QUOTED_INCLUDE_IN_FRAMEWORK_HEADER = YES;
				CLANG_WARN_RANGE_LOOP_ANALYSIS = YES;
				CLANG_WARN_STRICT_PROTOTYPES = YES;
				CLANG_WARN_SUSPICIOUS_MOVE = YES;
				CLANG_WARN_UNGUARDED_AVAILABILITY = YES_AGGRESSIVE;
				CLANG_WARN_UNREACHABLE_CODE = YES;
				CLANG_WARN__DUPLICATE_METHOD_MATCH = YES;
				COPY_PHASE_STRIP = NO;
				DEBUG_INFORMATION_FORMAT = dwarf;
				ENABLE_STRICT_OBJC_MSGSEND = YES;
				ENABLE_TESTABILITY = YES;
				GCC_C_LANGUAGE_STANDARD = gnu11;
				GCC_DYNAMIC_NO_PIC = NO;
				GCC_NO_COMMON_BLOCKS = YES;
				GCC_OPTIMIZATION_LEVEL = 0;
				GCC_PREPROCESSOR_DEFINITIONS = (
					"DEBUG=1",
					"$(inherited)",
				);
				GCC_WARN_64_TO_32_BIT_CONVERSION = YES;
				GCC_WARN_ABOUT_RETURN_TYPE = YES_ERROR;
				GCC_WARN_UNDECLARED_SELECTOR = YES;
				GCC_WARN_UNINITIALIZED_AUTOS = YES_AGGRESSIVE;
				GCC_WARN_UNUSED_FUNCTION = YES;
				GCC_WARN_UNUSED_VARIABLE = YES;
				IPHONEOS_DEPLOYMENT_TARGET = 15.0;
				MTL_ENABLE_DEBUG_INFO = INCLUDE_SOURCE;
				MTL_FAST_MATH = YES;
				ONLY_ACTIVE_ARCH = YES;
				SDKROOT = iphoneos;
				SWIFT_ACTIVE_COMPILATION_CONDITIONS = DEBUG;
				SWIFT_OPTIMIZATION_LEVEL = "-Onone";
			};
			name = Debug;
		};
		C5249888275310C700D1B636 /* Release */ = {
			isa = XCBuildConfiguration;
			buildSettings = {
				ALWAYS_SEARCH_USER_PATHS = NO;
				CLANG_ANALYZER_NONNULL = YES;
				CLANG_ANALYZER_NUMBER_OBJECT_CONVERSION = YES_AGGRESSIVE;
				CLANG_CXX_LANGUAGE_STANDARD = "gnu++17";
				CLANG_CXX_LIBRARY = "libc++";
				CLANG_ENABLE_MODULES = YES;
				CLANG_ENABLE_OBJC_ARC = YES;
				CLANG_ENABLE_OBJC_WEAK = YES;
				CLANG_WARN_BLOCK_CAPTURE_AUTORELEASING = YES;
				CLANG_WARN_BOOL_CONVERSION = YES;
				CLANG_WARN_COMMA = YES;
				CLANG_WARN_CONSTANT_CONVERSION = YES;
				CLANG_WARN_DEPRECATED_OBJC_IMPLEMENTATIONS = YES;
				CLANG_WARN_DIRECT_OBJC_ISA_USAGE = YES_ERROR;
				CLANG_WARN_DOCUMENTATION_COMMENTS = YES;
				CLANG_WARN_EMPTY_BODY = YES;
				CLANG_WARN_ENUM_CONVERSION = YES;
				CLANG_WARN_INFINITE_RECURSION = YES;
				CLANG_WARN_INT_CONVERSION = YES;
				CLANG_WARN_NON_LITERAL_NULL_CONVERSION = YES;
				CLANG_WARN_OBJC_IMPLICIT_RETAIN_SELF = YES;
				CLANG_WARN_OBJC_LITERAL_CONVERSION = YES;
				CLANG_WARN_OBJC_ROOT_CLASS = YES_ERROR;
				CLANG_WARN_QUOTED_INCLUDE_IN_FRAMEWORK_HEADER = YES;
				CLANG_WARN_RANGE_LOOP_ANALYSIS = YES;
				CLANG_WARN_STRICT_PROTOTYPES = YES;
				CLANG_WARN_SUSPICIOUS_MOVE = YES;
				CLANG_WARN_UNGUARDED_AVAILABILITY = YES_AGGRESSIVE;
				CLANG_WARN_UNREACHABLE_CODE = YES;
				CLANG_WARN__DUPLICATE_METHOD_MATCH = YES;
				COPY_PHASE_STRIP = NO;
				DEBUG_INFORMATION_FORMAT = "dwarf-with-dsym";
				ENABLE_NS_ASSERTIONS = NO;
				ENABLE_STRICT_OBJC_MSGSEND = YES;
				GCC_C_LANGUAGE_STANDARD = gnu11;
				GCC_NO_COMMON_BLOCKS = YES;
				GCC_WARN_64_TO_32_BIT_CONVERSION = YES;
				GCC_WARN_ABOUT_RETURN_TYPE = YES_ERROR;
				GCC_WARN_UNDECLARED_SELECTOR = YES;
				GCC_WARN_UNINITIALIZED_AUTOS = YES_AGGRESSIVE;
				GCC_WARN_UNUSED_FUNCTION = YES;
				GCC_WARN_UNUSED_VARIABLE = YES;
				IPHONEOS_DEPLOYMENT_TARGET = 15.0;
				MTL_ENABLE_DEBUG_INFO = NO;
				MTL_FAST_MATH = YES;
				SDKROOT = iphoneos;
				SWIFT_COMPILATION_MODE = wholemodule;
				SWIFT_OPTIMIZATION_LEVEL = "-O";
				VALIDATE_PRODUCT = YES;
			};
			name = Release;
		};
		C524988A275310C700D1B636 /* Debug */ = {
			isa = XCBuildConfiguration;
			buildSettings = {
				ASSETCATALOG_COMPILER_APPICON_NAME = AppIcon;
				ASSETCATALOG_COMPILER_GLOBAL_ACCENT_COLOR_NAME = AccentColor;
				CODE_SIGN_STYLE = Automatic;
				CURRENT_PROJECT_VERSION = 1;
				DEVELOPMENT_ASSET_PATHS = "\"Lateiva/Preview Content\"";
				DEVELOPMENT_TEAM = 5CV78Q3ZPZ;
				ENABLE_PREVIEWS = YES;
				GENERATE_INFOPLIST_FILE = YES;
				INFOPLIST_FILE = Lateiva/Info.plist;
				INFOPLIST_KEY_UIApplicationSceneManifest_Generation = YES;
				INFOPLIST_KEY_UIApplicationSupportsIndirectInputEvents = YES;
				INFOPLIST_KEY_UILaunchScreen_Generation = YES;
				INFOPLIST_KEY_UISupportedInterfaceOrientations_iPad = "UIInterfaceOrientationPortrait UIInterfaceOrientationPortraitUpsideDown UIInterfaceOrientationLandscapeLeft UIInterfaceOrientationLandscapeRight";
				INFOPLIST_KEY_UISupportedInterfaceOrientations_iPhone = "UIInterfaceOrientationPortrait UIInterfaceOrientationLandscapeLeft UIInterfaceOrientationLandscapeRight";
				INFOPLIST_KEY_UIUserInterfaceStyle = Light;
				IPHONEOS_DEPLOYMENT_TARGET = 15.0;
				LD_RUNPATH_SEARCH_PATHS = (
					"$(inherited)",
					"@executable_path/Frameworks",
				);
				MARKETING_VERSION = 1.0;
				PRODUCT_BUNDLE_IDENTIFIER = sanjith.laterminator;
				PRODUCT_NAME = "$(TARGET_NAME)";
				SWIFT_EMIT_LOC_STRINGS = YES;
				SWIFT_VERSION = 5.0;
				TARGETED_DEVICE_FAMILY = "1,2";
			};
			name = Debug;
		};
		C524988B275310C700D1B636 /* Release */ = {
			isa = XCBuildConfiguration;
			buildSettings = {
				ASSETCATALOG_COMPILER_APPICON_NAME = AppIcon;
				ASSETCATALOG_COMPILER_GLOBAL_ACCENT_COLOR_NAME = AccentColor;
				CODE_SIGN_STYLE = Automatic;
				CURRENT_PROJECT_VERSION = 1;
				DEVELOPMENT_ASSET_PATHS = "\"Lateiva/Preview Content\"";
				DEVELOPMENT_TEAM = 5CV78Q3ZPZ;
				ENABLE_PREVIEWS = YES;
				GENERATE_INFOPLIST_FILE = YES;
				INFOPLIST_FILE = Lateiva/Info.plist;
				INFOPLIST_KEY_UIApplicationSceneManifest_Generation = YES;
				INFOPLIST_KEY_UIApplicationSupportsIndirectInputEvents = YES;
				INFOPLIST_KEY_UILaunchScreen_Generation = YES;
				INFOPLIST_KEY_UISupportedInterfaceOrientations_iPad = "UIInterfaceOrientationPortrait UIInterfaceOrientationPortraitUpsideDown UIInterfaceOrientationLandscapeLeft UIInterfaceOrientationLandscapeRight";
				INFOPLIST_KEY_UISupportedInterfaceOrientations_iPhone = "UIInterfaceOrientationPortrait UIInterfaceOrientationLandscapeLeft UIInterfaceOrientationLandscapeRight";
				INFOPLIST_KEY_UIUserInterfaceStyle = Light;
				IPHONEOS_DEPLOYMENT_TARGET = 15.0;
				LD_RUNPATH_SEARCH_PATHS = (
					"$(inherited)",
					"@executable_path/Frameworks",
				);
				MARKETING_VERSION = 1.0;
				PRODUCT_BUNDLE_IDENTIFIER = sanjith.laterminator;
				PRODUCT_NAME = "$(TARGET_NAME)";
				SWIFT_EMIT_LOC_STRINGS = YES;
				SWIFT_VERSION = 5.0;
				TARGETED_DEVICE_FAMILY = "1,2";
			};
			name = Release;
		};
/* End XCBuildConfiguration section */

/* Begin XCConfigurationList section */
		C5249876275310C500D1B636 /* Build configuration list for PBXProject "Lateiva" */ = {
			isa = XCConfigurationList;
			buildConfigurations = (
				C5249887275310C700D1B636 /* Debug */,
				C5249888275310C700D1B636 /* Release */,
			);
			defaultConfigurationIsVisible = 0;
			defaultConfigurationName = Release;
		};
		C5249889275310C700D1B636 /* Build configuration list for PBXNativeTarget "Lateiva" */ = {
			isa = XCConfigurationList;
			buildConfigurations = (
				C524988A275310C700D1B636 /* Debug */,
				C524988B275310C700D1B636 /* Release */,
			);
			defaultConfigurationIsVisible = 0;
			defaultConfigurationName = Release;
		};
/* End XCConfigurationList section */
	};
	rootObject = C5249873275310C500D1B636 /* Project object */;
}
